// !$*UTF8*$!
{
	archiveVersion = 1;
	classes = {
	};
	objectVersion = 77;
	objects = {

/* Begin PBXContainerItemProxy section */
		92315A652D29818800AA02A5 /* PBXContainerItemProxy */ = {
			isa = PBXContainerItemProxy;
			containerPortal = 92315A4C2D29818600AA02A5 /* Project object */;
			proxyType = 1;
			remoteGlobalIDString = 92315A532D29818600AA02A5;
			remoteInfo = PizzaDeliveryApp;
		};
		92315A6F2D29818800AA02A5 /* PBXContainerItemProxy */ = {
			isa = PBXContainerItemProxy;
			containerPortal = 92315A4C2D29818600AA02A5 /* Project object */;
			proxyType = 1;
			remoteGlobalIDString = 92315A532D29818600AA02A5;
			remoteInfo = PizzaDeliveryApp;
		};
/* End PBXContainerItemProxy section */

/* Begin PBXFileReference section */
		92315A542D29818600AA02A5 /* PizzaDeliveryApp.app */ = {isa = PBXFileReference; explicitFileType = wrapper.application; includeInIndex = 0; path = PizzaDeliveryApp.app; sourceTree = BUILT_PRODUCTS_DIR; };
		92315A642D29818800AA02A5 /* PizzaDeliveryAppTests.xctest */ = {isa = PBXFileReference; explicitFileType = wrapper.cfbundle; includeInIndex = 0; path = PizzaDeliveryAppTests.xctest; sourceTree = BUILT_PRODUCTS_DIR; };
		92315A6E2D29818800AA02A5 /* PizzaDeliveryAppUITests.xctest */ = {isa = PBXFileReference; explicitFileType = wrapper.cfbundle; includeInIndex = 0; path = PizzaDeliveryAppUITests.xctest; sourceTree = BUILT_PRODUCTS_DIR; };
/* End PBXFileReference section */

/* Begin PBXFileSystemSynchronizedRootGroup section */
		92315A562D29818600AA02A5 /* PizzaDeliveryApp */ = {
			isa = PBXFileSystemSynchronizedRootGroup;
			path = PizzaDeliveryApp;
			sourceTree = "<group>";
		};
		92315A672D29818800AA02A5 /* PizzaDeliveryAppTests */ = {
			isa = PBXFileSystemSynchronizedRootGroup;
			path = PizzaDeliveryAppTests;
			sourceTree = "<group>";
		};
		92315A712D29818800AA02A5 /* PizzaDeliveryAppUITests */ = {
			isa = PBXFileSystemSynchronizedRootGroup;
			path = PizzaDeliveryAppUITests;
			sourceTree = "<group>";
		};
/* End PBXFileSystemSynchronizedRootGroup section */

/* Begin PBXFrameworksBuildPhase section */
		92315A512D29818600AA02A5 /* Frameworks */ = {
			isa = PBXFrameworksBuildPhase;
			buildActionMask = 2147483647;
			files = (
			);
			runOnlyForDeploymentPostprocessing = 0;
		};
		92315A612D29818800AA02A5 /* Frameworks */ = {
			isa = PBXFrameworksBuildPhase;
			buildActionMask = 2147483647;
			files = (
			);
			runOnlyForDeploymentPostprocessing = 0;
		};
		92315A6B2D29818800AA02A5 /* Frameworks */ = {
			isa = PBXFrameworksBuildPhase;
			buildActionMask = 2147483647;
			files = (
			);
			runOnlyForDeploymentPostprocessing = 0;
		};
/* End PBXFrameworksBuildPhase section */

/* Begin PBXGroup section */
		92315A4B2D29818600AA02A5 = {
			isa = PBXGroup;
			children = (
				92315A562D29818600AA02A5 /* PizzaDeliveryApp */,
				92315A672D29818800AA02A5 /* PizzaDeliveryAppTests */,
				92315A712D29818800AA02A5 /* PizzaDeliveryAppUITests */,
				92315A552D29818600AA02A5 /* Products */,
			);
			sourceTree = "<group>";
		};
		92315A552D29818600AA02A5 /* Products */ = {
			isa = PBXGroup;
			children = (
				92315A542D29818600AA02A5 /* PizzaDeliveryApp.app */,
				92315A642D29818800AA02A5 /* PizzaDeliveryAppTests.xctest */,
				92315A6E2D29818800AA02A5 /* PizzaDeliveryAppUITests.xctest */,
			);
			name = Products;
			sourceTree = "<group>";
		};
/* End PBXGroup section */

/* Begin PBXNativeTarget section */
		92315A532D29818600AA02A5 /* PizzaDeliveryApp */ = {
			isa = PBXNativeTarget;
			buildConfigurationList = 92315A782D29818800AA02A5 /* Build configuration list for PBXNativeTarget "PizzaDeliveryApp" */;
			buildPhases = (
				92315A502D29818600AA02A5 /* Sources */,
				92315A512D29818600AA02A5 /* Frameworks */,
				92315A522D29818600AA02A5 /* Resources */,
			);
			buildRules = (
			);
			dependencies = (
			);
			fileSystemSynchronizedGroups = (
				92315A562D29818600AA02A5 /* PizzaDeliveryApp */,
			);
			name = PizzaDeliveryApp;
			packageProductDependencies = (
			);
			productName = PizzaDeliveryApp;
			productReference = 92315A542D29818600AA02A5 /* PizzaDeliveryApp.app */;
			productType = "com.apple.product-type.application";
		};
		92315A632D29818800AA02A5 /* PizzaDeliveryAppTests */ = {
			isa = PBXNativeTarget;
			buildConfigurationList = 92315A7B2D29818800AA02A5 /* Build configuration list for PBXNativeTarget "PizzaDeliveryAppTests" */;
			buildPhases = (
				92315A602D29818800AA02A5 /* Sources */,
				92315A612D29818800AA02A5 /* Frameworks */,
				92315A622D29818800AA02A5 /* Resources */,
			);
			buildRules = (
			);
			dependencies = (
				92315A662D29818800AA02A5 /* PBXTargetDependency */,
			);
			fileSystemSynchronizedGroups = (
				92315A672D29818800AA02A5 /* PizzaDeliveryAppTests */,
			);
			name = PizzaDeliveryAppTests;
			packageProductDependencies = (
			);
			productName = PizzaDeliveryAppTests;
			productReference = 92315A642D29818800AA02A5 /* PizzaDeliveryAppTests.xctest */;
			productType = "com.apple.product-type.bundle.unit-test";
		};
		92315A6D2D29818800AA02A5 /* PizzaDeliveryAppUITests */ = {
			isa = PBXNativeTarget;
			buildConfigurationList = 92315A7E2D29818800AA02A5 /* Build configuration list for PBXNativeTarget "PizzaDeliveryAppUITests" */;
			buildPhases = (
				92315A6A2D29818800AA02A5 /* Sources */,
				92315A6B2D29818800AA02A5 /* Frameworks */,
				92315A6C2D29818800AA02A5 /* Resources */,
			);
			buildRules = (
			);
			dependencies = (
				92315A702D29818800AA02A5 /* PBXTargetDependency */,
			);
			fileSystemSynchronizedGroups = (
				92315A712D29818800AA02A5 /* PizzaDeliveryAppUITests */,
			);
			name = PizzaDeliveryAppUITests;
			packageProductDependencies = (
			);
			productName = PizzaDeliveryAppUITests;
			productReference = 92315A6E2D29818800AA02A5 /* PizzaDeliveryAppUITests.xctest */;
			productType = "com.apple.product-type.bundle.ui-testing";
		};
/* End PBXNativeTarget section */

/* Begin PBXProject section */
		92315A4C2D29818600AA02A5 /* Project object */ = {
			isa = PBXProject;
			attributes = {
				BuildIndependentTargetsInParallel = 1;
				LastSwiftUpdateCheck = 1600;
				LastUpgradeCheck = 1600;
				TargetAttributes = {
					92315A532D29818600AA02A5 = {
						CreatedOnToolsVersion = 16.0;
					};
					92315A632D29818800AA02A5 = {
						CreatedOnToolsVersion = 16.0;
						TestTargetID = 92315A532D29818600AA02A5;
					};
					92315A6D2D29818800AA02A5 = {
						CreatedOnToolsVersion = 16.0;
						TestTargetID = 92315A532D29818600AA02A5;
					};
				};
			};
			buildConfigurationList = 92315A4F2D29818600AA02A5 /* Build configuration list for PBXProject "PizzaDeliveryApp" */;
			developmentRegion = en;
			hasScannedForEncodings = 0;
			knownRegions = (
				en,
				Base,
			);
			mainGroup = 92315A4B2D29818600AA02A5;
			minimizedProjectReferenceProxies = 1;
			preferredProjectObjectVersion = 77;
			productRefGroup = 92315A552D29818600AA02A5 /* Products */;
			projectDirPath = "";
			projectRoot = "";
			targets = (
				92315A532D29818600AA02A5 /* PizzaDeliveryApp */,
				92315A632D29818800AA02A5 /* PizzaDeliveryAppTests */,
				92315A6D2D29818800AA02A5 /* PizzaDeliveryAppUITests */,
			);
		};
/* End PBXProject section */

/* Begin PBXResourcesBuildPhase section */
		92315A522D29818600AA02A5 /* Resources */ = {
			isa = PBXResourcesBuildPhase;
			buildActionMask = 2147483647;
			files = (
			);
			runOnlyForDeploymentPostprocessing = 0;
		};
		92315A622D29818800AA02A5 /* Resources */ = {
			isa = PBXResourcesBuildPhase;
			buildActionMask = 2147483647;
			files = (
			);
			runOnlyForDeploymentPostprocessing = 0;
		};
		92315A6C2D29818800AA02A5 /* Resources */ = {
			isa = PBXResourcesBuildPhase;
			buildActionMask = 2147483647;
			files = (
			);
			runOnlyForDeploymentPostprocessing = 0;
		};
/* End PBXResourcesBuildPhase section */

/* Begin PBXSourcesBuildPhase section */
		92315A502D29818600AA02A5 /* Sources */ = {
			isa = PBXSourcesBuildPhase;
			buildActionMask = 2147483647;
			files = (
			);
			runOnlyForDeploymentPostprocessing = 0;
		};
		92315A602D29818800AA02A5 /* Sources */ = {
			isa = PBXSourcesBuildPhase;
			buildActionMask = 2147483647;
			files = (
			);
			runOnlyForDeploymentPostprocessing = 0;
		};
		92315A6A2D29818800AA02A5 /* Sources */ = {
			isa = PBXSourcesBuildPhase;
			buildActionMask = 2147483647;
			files = (
			);
			runOnlyForDeploymentPostprocessing = 0;
		};
/* End PBXSourcesBuildPhase section */

/* Begin PBXTargetDependency section */
		92315A662D29818800AA02A5 /* PBXTargetDependency */ = {
			isa = PBXTargetDependency;
			target = 92315A532D29818600AA02A5 /* PizzaDeliveryApp */;
			targetProxy = 92315A652D29818800AA02A5 /* PBXContainerItemProxy */;
		};
		92315A702D29818800AA02A5 /* PBXTargetDependency */ = {
			isa = PBXTargetDependency;
			target = 92315A532D29818600AA02A5 /* PizzaDeliveryApp */;
			targetProxy = 92315A6F2D29818800AA02A5 /* PBXContainerItemProxy */;
		};
/* End PBXTargetDependency section */

/* Begin XCBuildConfiguration section */
		92315A762D29818800AA02A5 /* Debug */ = {
			isa = XCBuildConfiguration;
			buildSettings = {
				ALWAYS_SEARCH_USER_PATHS = NO;
				ASSETCATALOG_COMPILER_GENERATE_SWIFT_ASSET_SYMBOL_EXTENSIONS = YES;
				CLANG_ANALYZER_NONNULL = YES;
				CLANG_ANALYZER_NUMBER_OBJECT_CONVERSION = YES_AGGRESSIVE;
				CLANG_CXX_LANGUAGE_STANDARD = "gnu++20";
				CLANG_ENABLE_MODULES = YES;
				CLANG_ENABLE_OBJC_ARC = YES;
				CLANG_ENABLE_OBJC_WEAK = YES;
				CLANG_WARN_BLOCK_CAPTURE_AUTORELEASING = YES;
				CLANG_WARN_BOOL_CONVERSION = YES;
				CLANG_WARN_COMMA = YES;
				CLANG_WARN_CONSTANT_CONVERSION = YES;
				CLANG_WARN_DEPRECATED_OBJC_IMPLEMENTATIONS = YES;
				CLANG_WARN_DIRECT_OBJC_ISA_USAGE = YES_ERROR;
				CLANG_WARN_DOCUMENTATION_COMMENTS = YES;
				CLANG_WARN_EMPTY_BODY = YES;
				CLANG_WARN_ENUM_CONVERSION = YES;
				CLANG_WARN_INFINITE_RECURSION = YES;
				CLANG_WARN_INT_CONVERSION = YES;
				CLANG_WARN_NON_LITERAL_NULL_CONVERSION = YES;
				CLANG_WARN_OBJC_IMPLICIT_RETAIN_SELF = YES;
				CLANG_WARN_OBJC_LITERAL_CONVERSION = YES;
				CLANG_WARN_OBJC_ROOT_CLASS = YES_ERROR;
				CLANG_WARN_QUOTED_INCLUDE_IN_FRAMEWORK_HEADER = YES;
				CLANG_WARN_RANGE_LOOP_ANALYSIS = YES;
				CLANG_WARN_STRICT_PROTOTYPES = YES;
				CLANG_WARN_SUSPICIOUS_MOVE = YES;
				CLANG_WARN_UNGUARDED_AVAILABILITY = YES_AGGRESSIVE;
				CLANG_WARN_UNREACHABLE_CODE = YES;
				CLANG_WARN__DUPLICATE_METHOD_MATCH = YES;
				COPY_PHASE_STRIP = NO;
				DEBUG_INFORMATION_FORMAT = dwarf;
				ENABLE_STRICT_OBJC_MSGSEND = YES;
				ENABLE_TESTABILITY = YES;
				ENABLE_USER_SCRIPT_SANDBOXING = YES;
				GCC_C_LANGUAGE_STANDARD = gnu17;
				GCC_DYNAMIC_NO_PIC = NO;
				GCC_NO_COMMON_BLOCKS = YES;
				GCC_OPTIMIZATION_LEVEL = 0;
				GCC_PREPROCESSOR_DEFINITIONS = (
					"DEBUG=1",
					"$(inherited)",
				);
				GCC_WARN_64_TO_32_BIT_CONVERSION = YES;
				GCC_WARN_ABOUT_RETURN_TYPE = YES_ERROR;
				GCC_WARN_UNDECLARED_SELECTOR = YES;
				GCC_WARN_UNINITIALIZED_AUTOS = YES_AGGRESSIVE;
				GCC_WARN_UNUSED_FUNCTION = YES;
				GCC_WARN_UNUSED_VARIABLE = YES;
				IPHONEOS_DEPLOYMENT_TARGET = 18.0;
				LOCALIZATION_PREFERS_STRING_CATALOGS = YES;
				MTL_ENABLE_DEBUG_INFO = INCLUDE_SOURCE;
				MTL_FAST_MATH = YES;
				ONLY_ACTIVE_ARCH = YES;
				SDKROOT = iphoneos;
				SWIFT_ACTIVE_COMPILATION_CONDITIONS = "DEBUG $(inherited)";
				SWIFT_OPTIMIZATION_LEVEL = "-Onone";
			};
			name = Debug;
		};
		92315A772D29818800AA02A5 /* Release */ = {
			isa = XCBuildConfiguration;
			buildSettings = {
				ALWAYS_SEARCH_USER_PATHS = NO;
				ASSETCATALOG_COMPILER_GENERATE_SWIFT_ASSET_SYMBOL_EXTENSIONS = YES;
				CLANG_ANALYZER_NONNULL = YES;
				CLANG_ANALYZER_NUMBER_OBJECT_CONVERSION = YES_AGGRESSIVE;
				CLANG_CXX_LANGUAGE_STANDARD = "gnu++20";
				CLANG_ENABLE_MODULES = YES;
				CLANG_ENABLE_OBJC_ARC = YES;
				CLANG_ENABLE_OBJC_WEAK = YES;
				CLANG_WARN_BLOCK_CAPTURE_AUTORELEASING = YES;
				CLANG_WARN_BOOL_CONVERSION = YES;
				CLANG_WARN_COMMA = YES;
				CLANG_WARN_CONSTANT_CONVERSION = YES;
				CLANG_WARN_DEPRECATED_OBJC_IMPLEMENTATIONS = YES;
				CLANG_WARN_DIRECT_OBJC_ISA_USAGE = YES_ERROR;
				CLANG_WARN_DOCUMENTATION_COMMENTS = YES;
				CLANG_WARN_EMPTY_BODY = YES;
				CLANG_WARN_ENUM_CONVERSION = YES;
				CLANG_WARN_INFINITE_RECURSION = YES;
				CLANG_WARN_INT_CONVERSION = YES;
				CLANG_WARN_NON_LITERAL_NULL_CONVERSION = YES;
				CLANG_WARN_OBJC_IMPLICIT_RETAIN_SELF = YES;
				CLANG_WARN_OBJC_LITERAL_CONVERSION = YES;
				CLANG_WARN_OBJC_ROOT_CLASS = YES_ERROR;
				CLANG_WARN_QUOTED_INCLUDE_IN_FRAMEWORK_HEADER = YES;
				CLANG_WARN_RANGE_LOOP_ANALYSIS = YES;
				CLANG_WARN_STRICT_PROTOTYPES = YES;
				CLANG_WARN_SUSPICIOUS_MOVE = YES;
				CLANG_WARN_UNGUARDED_AVAILABILITY = YES_AGGRESSIVE;
				CLANG_WARN_UNREACHABLE_CODE = YES;
				CLANG_WARN__DUPLICATE_METHOD_MATCH = YES;
				COPY_PHASE_STRIP = NO;
				DEBUG_INFORMATION_FORMAT = "dwarf-with-dsym";
				ENABLE_NS_ASSERTIONS = NO;
				ENABLE_STRICT_OBJC_MSGSEND = YES;
				ENABLE_USER_SCRIPT_SANDBOXING = YES;
				GCC_C_LANGUAGE_STANDARD = gnu17;
				GCC_NO_COMMON_BLOCKS = YES;
				GCC_WARN_64_TO_32_BIT_CONVERSION = YES;
				GCC_WARN_ABOUT_RETURN_TYPE = YES_ERROR;
				GCC_WARN_UNDECLARED_SELECTOR = YES;
				GCC_WARN_UNINITIALIZED_AUTOS = YES_AGGRESSIVE;
				GCC_WARN_UNUSED_FUNCTION = YES;
				GCC_WARN_UNUSED_VARIABLE = YES;
				IPHONEOS_DEPLOYMENT_TARGET = 18.0;
				LOCALIZATION_PREFERS_STRING_CATALOGS = YES;
				MTL_ENABLE_DEBUG_INFO = NO;
				MTL_FAST_MATH = YES;
				SDKROOT = iphoneos;
				SWIFT_COMPILATION_MODE = wholemodule;
				VALIDATE_PRODUCT = YES;
			};
			name = Release;
		};
		92315A792D29818800AA02A5 /* Debug */ = {
			isa = XCBuildConfiguration;
			buildSettings = {
				ASSETCATALOG_COMPILER_APPICON_NAME = AppIcon;
				ASSETCATALOG_COMPILER_GLOBAL_ACCENT_COLOR_NAME = AccentColor;
				CODE_SIGN_STYLE = Automatic;
				CURRENT_PROJECT_VERSION = 1;
				DEVELOPMENT_ASSET_PATHS = "\"PizzaDeliveryApp/Preview Content\"";
				DEVELOPMENT_TEAM = H8R9NGG9NY;
				ENABLE_PREVIEWS = YES;
				GENERATE_INFOPLIST_FILE = YES;
				INFOPLIST_KEY_UIApplicationSceneManifest_Generation = YES;
				INFOPLIST_KEY_UIApplicationSupportsIndirectInputEvents = YES;
				INFOPLIST_KEY_UILaunchScreen_Generation = YES;
				INFOPLIST_KEY_UISupportedInterfaceOrientations_iPad = "UIInterfaceOrientationPortrait UIInterfaceOrientationPortraitUpsideDown UIInterfaceOrientationLandscapeLeft UIInterfaceOrientationLandscapeRight";
				INFOPLIST_KEY_UISupportedInterfaceOrientations_iPhone = "UIInterfaceOrientationPortrait UIInterfaceOrientationLandscapeLeft UIInterfaceOrientationLandscapeRight";
				LD_RUNPATH_SEARCH_PATHS = (
					"$(inherited)",
					"@executable_path/Frameworks",
				);
				MARKETING_VERSION = 1.0;
				PRODUCT_BUNDLE_IDENTIFIER = com.example.PizzaDeliveryApp1;
				PRODUCT_NAME = "$(TARGET_NAME)";
				SWIFT_EMIT_LOC_STRINGS = YES;
				SWIFT_VERSION = 5.0;
				TARGETED_DEVICE_FAMILY = "1,2";
			};
			name = Debug;
		};
		92315A7A2D29818800AA02A5 /* Release */ = {
			isa = XCBuildConfiguration;
			buildSettings = {
				ASSETCATALOG_COMPILER_APPICON_NAME = AppIcon;
				ASSETCATALOG_COMPILER_GLOBAL_ACCENT_COLOR_NAME = AccentColor;
				CODE_SIGN_STYLE = Automatic;
				CURRENT_PROJECT_VERSION = 1;
				DEVELOPMENT_ASSET_PATHS = "\"PizzaDeliveryApp/Preview Content\"";
				DEVELOPMENT_TEAM = H8R9NGG9NY;
				ENABLE_PREVIEWS = YES;
				GENERATE_INFOPLIST_FILE = YES;
				INFOPLIST_KEY_UIApplicationSceneManifest_Generation = YES;
				INFOPLIST_KEY_UIApplicationSupportsIndirectInputEvents = YES;
				INFOPLIST_KEY_UILaunchScreen_Generation = YES;
				INFOPLIST_KEY_UISupportedInterfaceOrientations_iPad = "UIInterfaceOrientationPortrait UIInterfaceOrientationPortraitUpsideDown UIInterfaceOrientationLandscapeLeft UIInterfaceOrientationLandscapeRight";
				INFOPLIST_KEY_UISupportedInterfaceOrientations_iPhone = "UIInterfaceOrientationPortrait UIInterfaceOrientationLandscapeLeft UIInterfaceOrientationLandscapeRight";
				LD_RUNPATH_SEARCH_PATHS = (
					"$(inherited)",
					"@executable_path/Frameworks",
				);
				MARKETING_VERSION = 1.0;
				PRODUCT_BUNDLE_IDENTIFIER = com.example.PizzaDeliveryApp1;
				PRODUCT_NAME = "$(TARGET_NAME)";
				SWIFT_EMIT_LOC_STRINGS = YES;
				SWIFT_VERSION = 5.0;
				TARGETED_DEVICE_FAMILY = "1,2";
			};
			name = Release;
		};
		92315A7C2D29818800AA02A5 /* Debug */ = {
			isa = XCBuildConfiguration;
			buildSettings = {
				BUNDLE_LOADER = "$(TEST_HOST)";
				CODE_SIGN_STYLE = Automatic;
				CURRENT_PROJECT_VERSION = 1;
				DEVELOPMENT_TEAM = H8R9NGG9NY;
				GENERATE_INFOPLIST_FILE = YES;
				IPHONEOS_DEPLOYMENT_TARGET = 18.0;
				MARKETING_VERSION = 1.0;
				PRODUCT_BUNDLE_IDENTIFIER = com.example.PizzaDeliveryAppTests;
				PRODUCT_NAME = "$(TARGET_NAME)";
				SWIFT_EMIT_LOC_STRINGS = NO;
				SWIFT_VERSION = 5.0;
				TARGETED_DEVICE_FAMILY = "1,2";
				TEST_HOST = "$(BUILT_PRODUCTS_DIR)/PizzaDeliveryApp.app/$(BUNDLE_EXECUTABLE_FOLDER_PATH)/PizzaDeliveryApp";
			};
			name = Debug;
		};
		92315A7D2D29818800AA02A5 /* Release */ = {
			isa = XCBuildConfiguration;
			buildSettings = {
				BUNDLE_LOADER = "$(TEST_HOST)";
				CODE_SIGN_STYLE = Automatic;
				CURRENT_PROJECT_VERSION = 1;
				DEVELOPMENT_TEAM = H8R9NGG9NY;
				GENERATE_INFOPLIST_FILE = YES;
				IPHONEOS_DEPLOYMENT_TARGET = 18.0;
				MARKETING_VERSION = 1.0;
				PRODUCT_BUNDLE_IDENTIFIER = com.example.PizzaDeliveryAppTests;
				PRODUCT_NAME = "$(TARGET_NAME)";
				SWIFT_EMIT_LOC_STRINGS = NO;
				SWIFT_VERSION = 5.0;
				TARGETED_DEVICE_FAMILY = "1,2";
				TEST_HOST = "$(BUILT_PRODUCTS_DIR)/PizzaDeliveryApp.app/$(BUNDLE_EXECUTABLE_FOLDER_PATH)/PizzaDeliveryApp";
			};
			name = Release;
		};
		92315A7F2D29818800AA02A5 /* Debug */ = {
			isa = XCBuildConfiguration;
			buildSettings = {
				CODE_SIGN_STYLE = Automatic;
				CURRENT_PROJECT_VERSION = 1;
				DEVELOPMENT_TEAM = H8R9NGG9NY;
				GENERATE_INFOPLIST_FILE = YES;
				MARKETING_VERSION = 1.0;
				PRODUCT_BUNDLE_IDENTIFIER = com.example.PizzaDeliveryAppUITests;
				PRODUCT_NAME = "$(TARGET_NAME)";
				SWIFT_EMIT_LOC_STRINGS = NO;
				SWIFT_VERSION = 5.0;
				TARGETED_DEVICE_FAMILY = "1,2";
				TEST_TARGET_NAME = PizzaDeliveryApp;
			};
			name = Debug;
		};
		92315A802D29818800AA02A5 /* Release */ = {
			isa = XCBuildConfiguration;
			buildSettings = {
				CODE_SIGN_STYLE = Automatic;
				CURRENT_PROJECT_VERSION = 1;
				DEVELOPMENT_TEAM = H8R9NGG9NY;
				GENERATE_INFOPLIST_FILE = YES;
				MARKETING_VERSION = 1.0;
				PRODUCT_BUNDLE_IDENTIFIER = com.example.PizzaDeliveryAppUITests;
				PRODUCT_NAME = "$(TARGET_NAME)";
				SWIFT_EMIT_LOC_STRINGS = NO;
				SWIFT_VERSION = 5.0;
				TARGETED_DEVICE_FAMILY = "1,2";
				TEST_TARGET_NAME = PizzaDeliveryApp;
			};
			name = Release;
		};
/* End XCBuildConfiguration section */

/* Begin XCConfigurationList section */
		92315A4F2D29818600AA02A5 /* Build configuration list for PBXProject "PizzaDeliveryApp" */ = {
			isa = XCConfigurationList;
			buildConfigurations = (
				92315A762D29818800AA02A5 /* Debug */,
				92315A772D29818800AA02A5 /* Release */,
			);
			defaultConfigurationIsVisible = 0;
			defaultConfigurationName = Release;
		};
		92315A782D29818800AA02A5 /* Build configuration list for PBXNativeTarget "PizzaDeliveryApp" */ = {
			isa = XCConfigurationList;
			buildConfigurations = (
				92315A792D29818800AA02A5 /* Debug */,
				92315A7A2D29818800AA02A5 /* Release */,
			);
			defaultConfigurationIsVisible = 0;
			defaultConfigurationName = Release;
		};
		92315A7B2D29818800AA02A5 /* Build configuration list for PBXNativeTarget "PizzaDeliveryAppTests" */ = {
			isa = XCConfigurationList;
			buildConfigurations = (
				92315A7C2D29818800AA02A5 /* Debug */,
				92315A7D2D29818800AA02A5 /* Release */,
			);
			defaultConfigurationIsVisible = 0;
			defaultConfigurationName = Release;
		};
		92315A7E2D29818800AA02A5 /* Build configuration list for PBXNativeTarget "PizzaDeliveryAppUITests" */ = {
			isa = XCConfigurationList;
			buildConfigurations = (
				92315A7F2D29818800AA02A5 /* Debug */,
				92315A802D29818800AA02A5 /* Release */,
			);
			defaultConfigurationIsVisible = 0;
			defaultConfigurationName = Release;
		};
/* End XCConfigurationList section */
	};
	rootObject = 92315A4C2D29818600AA02A5 /* Project object */;
}
